// !$*UTF8*$!
{
	archiveVersion = 1;
	classes = {
	};
	objectVersion = 52;
	objects = {

/* Begin PBXBuildFile section */
		A801255D26ABD5C300F7E96C /* ProfileView.swift in Sources */ = {isa = PBXBuildFile; fileRef = A801255C26ABD5C300F7E96C /* ProfileView.swift */; };
		A8028251267CCA3D00269572 /* SearchedRecipe.swift in Sources */ = {isa = PBXBuildFile; fileRef = A8028250267CCA3D00269572 /* SearchedRecipe.swift */; };
		A81DA00D266735E900B1ED55 /* ImageLoader.swift in Sources */ = {isa = PBXBuildFile; fileRef = A81DA00C266735E900B1ED55 /* ImageLoader.swift */; };
		A824E51626D9296B00269885 /* GoogleService-Info.plist in Resources */ = {isa = PBXBuildFile; fileRef = A824E51526D9296B00269885 /* GoogleService-Info.plist */; };
		A824E51926D92A1D00269885 /* Constants.swift in Sources */ = {isa = PBXBuildFile; fileRef = A824E51826D92A1D00269885 /* Constants.swift */; };
		A827ABC5265A16CC00C886B7 /* RecipesApp.swift in Sources */ = {isa = PBXBuildFile; fileRef = A827ABC4265A16CC00C886B7 /* RecipesApp.swift */; };
		A827ABC7265A16CC00C886B7 /* HomeView.swift in Sources */ = {isa = PBXBuildFile; fileRef = A827ABC6265A16CC00C886B7 /* HomeView.swift */; };
		A827ABC9265A16CD00C886B7 /* Assets.xcassets in Resources */ = {isa = PBXBuildFile; fileRef = A827ABC8265A16CD00C886B7 /* Assets.xcassets */; };
		A827ABCC265A16CD00C886B7 /* Preview Assets.xcassets in Resources */ = {isa = PBXBuildFile; fileRef = A827ABCB265A16CD00C886B7 /* Preview Assets.xcassets */; };
		A82CDFCC26E48A8C001C0D8E /* SelectedRecipeDetail.swift in Sources */ = {isa = PBXBuildFile; fileRef = A82CDFCB26E48A8C001C0D8E /* SelectedRecipeDetail.swift */; };
		A842A74326DFA1240050A882 /* SelectedRecipeModel.swift in Sources */ = {isa = PBXBuildFile; fileRef = A842A74226DFA1240050A882 /* SelectedRecipeModel.swift */; };
		A84A6007266B3E81002DE73C /* RecipeSearchView.swift in Sources */ = {isa = PBXBuildFile; fileRef = A84A6006266B3E81002DE73C /* RecipeSearchView.swift */; };
		A85886102679953800F46A0C /* SigninView.swift in Sources */ = {isa = PBXBuildFile; fileRef = A858860F2679953800F46A0C /* SigninView.swift */; };
		A866F37E269A9DFA00BB13D3 /* FirebaseAuth in Frameworks */ = {isa = PBXBuildFile; productRef = A866F37D269A9DFA00BB13D3 /* FirebaseAuth */; };
		A866F380269A9DFA00BB13D3 /* FirebaseFirestore in Frameworks */ = {isa = PBXBuildFile; productRef = A866F37F269A9DFA00BB13D3 /* FirebaseFirestore */; };
		A87B0EB2266885620019E43A /* VisualEffectBlur.swift in Sources */ = {isa = PBXBuildFile; fileRef = A87B0EB1266885620019E43A /* VisualEffectBlur.swift */; };
		A87B0EB8266888380019E43A /* NetworkManager.swift in Sources */ = {isa = PBXBuildFile; fileRef = A87B0EB7266888380019E43A /* NetworkManager.swift */; };
		A87E0B9426A3FC4700112176 /* FavouritesDetail.swift in Sources */ = {isa = PBXBuildFile; fileRef = A87E0B9326A3FC4700112176 /* FavouritesDetail.swift */; };
		A88C61EE267C45F500D31E70 /* SearchNavigation.swift in Sources */ = {isa = PBXBuildFile; fileRef = A88C61ED267C45F500D31E70 /* SearchNavigation.swift */; };
		A88C61F1267C5A9900D31E70 /* SearchView.swift in Sources */ = {isa = PBXBuildFile; fileRef = A88C61F0267C5A9900D31E70 /* SearchView.swift */; };
		A88F7E2F26D9E19A006CF5FA /* PlannerView.swift in Sources */ = {isa = PBXBuildFile; fileRef = A88F7E2E26D9E19A006CF5FA /* PlannerView.swift */; };
		A88F7E3226D9E906006CF5FA /* Planner.swift in Sources */ = {isa = PBXBuildFile; fileRef = A88F7E3126D9E906006CF5FA /* Planner.swift */; };
		A895DB1226A3E40C0088C879 /* Favourites.swift in Sources */ = {isa = PBXBuildFile; fileRef = A895DB1126A3E40C0088C879 /* Favourites.swift */; };
		A895DB1526A3E4A40088C879 /* FavouritesViewModel.swift in Sources */ = {isa = PBXBuildFile; fileRef = A895DB1426A3E4A40088C879 /* FavouritesViewModel.swift */; };
		A895DB1826A3EB190088C879 /* FavouritesView.swift in Sources */ = {isa = PBXBuildFile; fileRef = A895DB1726A3EB190088C879 /* FavouritesView.swift */; };
		A896C66A26995FE10035FE19 /* RecipeDetail.swift in Sources */ = {isa = PBXBuildFile; fileRef = A896C66926995FE10035FE19 /* RecipeDetail.swift */; };
		A8A3E81A2677120E00AA6D49 /* CloseButton.swift in Sources */ = {isa = PBXBuildFile; fileRef = A8A3E8192677120E00AA6D49 /* CloseButton.swift */; };
		A8AFFBD226E0F20000B9FCBD /* SelectedRecipeModel.swift in Sources */ = {isa = PBXBuildFile; fileRef = A8AFFBD126E0F20000B9FCBD /* SelectedRecipeModel.swift */; };
		A8AFFBD526E0F26200B9FCBD /* Planner.swift in Sources */ = {isa = PBXBuildFile; fileRef = A8AFFBD426E0F26200B9FCBD /* Planner.swift */; };
		A8AFFBD826E0F28B00B9FCBD /* PlannerView.swift in Sources */ = {isa = PBXBuildFile; fileRef = A8AFFBD726E0F28B00B9FCBD /* PlannerView.swift */; };
		A8AFFBDB26E0F34600B9FCBD /* CardView.swift in Sources */ = {isa = PBXBuildFile; fileRef = A8AFFBDA26E0F34600B9FCBD /* CardView.swift */; };
		A8B6FE8C265B6CE000626E2A /* Recipe.swift in Sources */ = {isa = PBXBuildFile; fileRef = A8B6FE8B265B6CE000626E2A /* Recipe.swift */; };
		A8B94E8826DB501A00CED65A /* TabBarView.swift in Sources */ = {isa = PBXBuildFile; fileRef = A8B94E8726DB501A00CED65A /* TabBarView.swift */; };
		A8B94E8C26DB53C800CED65A /* CardView.swift in Sources */ = {isa = PBXBuildFile; fileRef = A8B94E8B26DB53C800CED65A /* CardView.swift */; };
		A8BAF4FE2675D8AB0072CB80 /* Instruction.swift in Sources */ = {isa = PBXBuildFile; fileRef = A8BAF4FD2675D8AB0072CB80 /* Instruction.swift */; };
		A8DAED9B267AFD3900AA9977 /* IngredientsView.swift in Sources */ = {isa = PBXBuildFile; fileRef = A8DAED9A267AFD3900AA9977 /* IngredientsView.swift */; };
		A8DAED9E267B014600AA9977 /* Ingredients.swift in Sources */ = {isa = PBXBuildFile; fileRef = A8DAED9D267B014600AA9977 /* Ingredients.swift */; };
/* End PBXBuildFile section */

/* Begin PBXFileReference section */
		A801255C26ABD5C300F7E96C /* ProfileView.swift */ = {isa = PBXFileReference; lastKnownFileType = sourcecode.swift; path = ProfileView.swift; sourceTree = "<group>"; };
		A8028250267CCA3D00269572 /* SearchedRecipe.swift */ = {isa = PBXFileReference; lastKnownFileType = sourcecode.swift; path = SearchedRecipe.swift; sourceTree = "<group>"; };
		A81DA00C266735E900B1ED55 /* ImageLoader.swift */ = {isa = PBXFileReference; lastKnownFileType = sourcecode.swift; path = ImageLoader.swift; sourceTree = "<group>"; };
		A824E51526D9296B00269885 /* GoogleService-Info.plist */ = {isa = PBXFileReference; fileEncoding = 4; lastKnownFileType = text.plist.xml; path = "GoogleService-Info.plist"; sourceTree = "<group>"; };
		A824E51826D92A1D00269885 /* Constants.swift */ = {isa = PBXFileReference; lastKnownFileType = sourcecode.swift; path = Constants.swift; sourceTree = "<group>"; };
		A827ABC1265A16CC00C886B7 /* Recipes.app */ = {isa = PBXFileReference; explicitFileType = wrapper.application; includeInIndex = 0; path = Recipes.app; sourceTree = BUILT_PRODUCTS_DIR; };
		A827ABC4265A16CC00C886B7 /* RecipesApp.swift */ = {isa = PBXFileReference; lastKnownFileType = sourcecode.swift; path = RecipesApp.swift; sourceTree = "<group>"; };
		A827ABC6265A16CC00C886B7 /* HomeView.swift */ = {isa = PBXFileReference; lastKnownFileType = sourcecode.swift; path = HomeView.swift; sourceTree = "<group>"; };
		A827ABC8265A16CD00C886B7 /* Assets.xcassets */ = {isa = PBXFileReference; lastKnownFileType = folder.assetcatalog; path = Assets.xcassets; sourceTree = "<group>"; };
		A827ABCB265A16CD00C886B7 /* Preview Assets.xcassets */ = {isa = PBXFileReference; lastKnownFileType = folder.assetcatalog; path = "Preview Assets.xcassets"; sourceTree = "<group>"; };
		A827ABCD265A16CD00C886B7 /* Info.plist */ = {isa = PBXFileReference; lastKnownFileType = text.plist.xml; path = Info.plist; sourceTree = "<group>"; };
		A82CDFCB26E48A8C001C0D8E /* SelectedRecipeDetail.swift */ = {isa = PBXFileReference; lastKnownFileType = sourcecode.swift; path = SelectedRecipeDetail.swift; sourceTree = "<group>"; };
		A842A74226DFA1240050A882 /* SelectedRecipeModel.swift */ = {isa = PBXFileReference; lastKnownFileType = sourcecode.swift; path = SelectedRecipeModel.swift; sourceTree = "<group>"; };
		A84A6006266B3E81002DE73C /* RecipeSearchView.swift */ = {isa = PBXFileReference; lastKnownFileType = sourcecode.swift; path = RecipeSearchView.swift; sourceTree = "<group>"; };
		A858860F2679953800F46A0C /* SigninView.swift */ = {isa = PBXFileReference; lastKnownFileType = sourcecode.swift; path = SigninView.swift; sourceTree = "<group>"; };
		A87B0EB1266885620019E43A /* VisualEffectBlur.swift */ = {isa = PBXFileReference; fileEncoding = 4; lastKnownFileType = sourcecode.swift; path = VisualEffectBlur.swift; sourceTree = "<group>"; };
		A87B0EB7266888380019E43A /* NetworkManager.swift */ = {isa = PBXFileReference; lastKnownFileType = sourcecode.swift; path = NetworkManager.swift; sourceTree = "<group>"; };
		A87E0B9326A3FC4700112176 /* FavouritesDetail.swift */ = {isa = PBXFileReference; lastKnownFileType = sourcecode.swift; path = FavouritesDetail.swift; sourceTree = "<group>"; };
		A88C61ED267C45F500D31E70 /* SearchNavigation.swift */ = {isa = PBXFileReference; lastKnownFileType = sourcecode.swift; path = SearchNavigation.swift; sourceTree = "<group>"; };
		A88C61F0267C5A9900D31E70 /* SearchView.swift */ = {isa = PBXFileReference; lastKnownFileType = sourcecode.swift; path = SearchView.swift; sourceTree = "<group>"; };
		A88F7E2E26D9E19A006CF5FA /* PlannerView.swift */ = {isa = PBXFileReference; lastKnownFileType = sourcecode.swift; path = PlannerView.swift; sourceTree = "<group>"; };
		A88F7E3126D9E906006CF5FA /* Planner.swift */ = {isa = PBXFileReference; lastKnownFileType = sourcecode.swift; path = Planner.swift; sourceTree = "<group>"; };
		A895DB1126A3E40C0088C879 /* Favourites.swift */ = {isa = PBXFileReference; lastKnownFileType = sourcecode.swift; path = Favourites.swift; sourceTree = "<group>"; };
		A895DB1426A3E4A40088C879 /* FavouritesViewModel.swift */ = {isa = PBXFileReference; lastKnownFileType = sourcecode.swift; path = FavouritesViewModel.swift; sourceTree = "<group>"; };
		A895DB1726A3EB190088C879 /* FavouritesView.swift */ = {isa = PBXFileReference; lastKnownFileType = sourcecode.swift; path = FavouritesView.swift; sourceTree = "<group>"; };
		A896C66926995FE10035FE19 /* RecipeDetail.swift */ = {isa = PBXFileReference; lastKnownFileType = sourcecode.swift; path = RecipeDetail.swift; sourceTree = "<group>"; };
		A8A3E8192677120E00AA6D49 /* CloseButton.swift */ = {isa = PBXFileReference; lastKnownFileType = sourcecode.swift; path = CloseButton.swift; sourceTree = "<group>"; };
		A8AFFBD126E0F20000B9FCBD /* SelectedRecipeModel.swift */ = {isa = PBXFileReference; lastKnownFileType = sourcecode.swift; path = SelectedRecipeModel.swift; sourceTree = "<group>"; };
		A8AFFBD426E0F26200B9FCBD /* Planner.swift */ = {isa = PBXFileReference; lastKnownFileType = sourcecode.swift; path = Planner.swift; sourceTree = "<group>"; };
		A8AFFBD726E0F28B00B9FCBD /* PlannerView.swift */ = {isa = PBXFileReference; lastKnownFileType = sourcecode.swift; path = PlannerView.swift; sourceTree = "<group>"; };
		A8AFFBDA26E0F34600B9FCBD /* CardView.swift */ = {isa = PBXFileReference; lastKnownFileType = sourcecode.swift; path = CardView.swift; sourceTree = "<group>"; };
		A8B6FE8B265B6CE000626E2A /* Recipe.swift */ = {isa = PBXFileReference; lastKnownFileType = sourcecode.swift; path = Recipe.swift; sourceTree = "<group>"; };
		A8B94E8726DB501A00CED65A /* TabBarView.swift */ = {isa = PBXFileReference; fileEncoding = 4; lastKnownFileType = sourcecode.swift; path = TabBarView.swift; sourceTree = "<group>"; };
		A8B94E8B26DB53C800CED65A /* CardView.swift */ = {isa = PBXFileReference; lastKnownFileType = sourcecode.swift; path = CardView.swift; sourceTree = "<group>"; };
		A8BAF4FD2675D8AB0072CB80 /* Instruction.swift */ = {isa = PBXFileReference; lastKnownFileType = sourcecode.swift; path = Instruction.swift; sourceTree = "<group>"; };
		A8DAED9A267AFD3900AA9977 /* IngredientsView.swift */ = {isa = PBXFileReference; lastKnownFileType = sourcecode.swift; path = IngredientsView.swift; sourceTree = "<group>"; };
		A8DAED9D267B014600AA9977 /* Ingredients.swift */ = {isa = PBXFileReference; lastKnownFileType = sourcecode.swift; path = Ingredients.swift; sourceTree = "<group>"; };
/* End PBXFileReference section */

/* Begin PBXFrameworksBuildPhase section */
		A827ABBE265A16CC00C886B7 /* Frameworks */ = {
			isa = PBXFrameworksBuildPhase;
			buildActionMask = 2147483647;
			files = (
				A866F37E269A9DFA00BB13D3 /* FirebaseAuth in Frameworks */,
				A866F380269A9DFA00BB13D3 /* FirebaseFirestore in Frameworks */,
			);
			runOnlyForDeploymentPostprocessing = 0;
		};
/* End PBXFrameworksBuildPhase section */

/* Begin PBXGroup section */
		A827ABB8265A16CC00C886B7 = {
			isa = PBXGroup;
			children = (
				A827ABC3265A16CC00C886B7 /* Recipes */,
				A827ABC2265A16CC00C886B7 /* Products */,
			);
			sourceTree = "<group>";
		};
		A827ABC2265A16CC00C886B7 /* Products */ = {
			isa = PBXGroup;
			children = (
				A827ABC1265A16CC00C886B7 /* Recipes.app */,
			);
			name = Products;
			sourceTree = "<group>";
		};
		A827ABC3265A16CC00C886B7 /* Recipes */ = {
			isa = PBXGroup;
			children = (
				A8FA444E26648DB600749086 /* Model */,
				A8C8B879267B792F008501C3 /* ViewModel */,
				A8C8B877267B78E1008501C3 /* Views */,
				A8C8B878267B7900008501C3 /* Items */,
				A87B0EB4266885690019E43A /* Helper */,
				A827ABC4265A16CC00C886B7 /* RecipesApp.swift */,
				A827ABC8265A16CD00C886B7 /* Assets.xcassets */,
				A827ABCD265A16CD00C886B7 /* Info.plist */,
				A824E51526D9296B00269885 /* GoogleService-Info.plist */,
				A827ABCA265A16CD00C886B7 /* Preview Content */,
			);
			path = Recipes;
			sourceTree = "<group>";
		};
		A827ABCA265A16CD00C886B7 /* Preview Content */ = {
			isa = PBXGroup;
			children = (
				A827ABCB265A16CD00C886B7 /* Preview Assets.xcassets */,
			);
			path = "Preview Content";
			sourceTree = "<group>";
		};
		A82CDFCA26E48A1F001C0D8E /* Home */ = {
			isa = PBXGroup;
			children = (
				A827ABC6265A16CC00C886B7 /* HomeView.swift */,
				A82CDFCB26E48A8C001C0D8E /* SelectedRecipeDetail.swift */,
			);
			path = Home;
			sourceTree = "<group>";
		};
		A82CDFCD26E48AB2001C0D8E /* Search */ = {
			isa = PBXGroup;
			children = (
				A88C61F0267C5A9900D31E70 /* SearchView.swift */,
				A88C61ED267C45F500D31E70 /* SearchNavigation.swift */,
				A84A6006266B3E81002DE73C /* RecipeSearchView.swift */,
			);
			path = Search;
			sourceTree = "<group>";
		};
		A82CDFCE26E48AD6001C0D8E /* Favourites */ = {
			isa = PBXGroup;
			children = (
				A87E0B9326A3FC4700112176 /* FavouritesDetail.swift */,
				A895DB1726A3EB190088C879 /* FavouritesView.swift */,
			);
			path = Favourites;
			sourceTree = "<group>";
		};
		A87B0EB4266885690019E43A /* Helper */ = {
			isa = PBXGroup;
			children = (
				A87B0EB1266885620019E43A /* VisualEffectBlur.swift */,
				A824E51826D92A1D00269885 /* Constants.swift */,
			);
			path = Helper;
			sourceTree = "<group>";
		};
		A8C8B877267B78E1008501C3 /* Views */ = {
			isa = PBXGroup;
			children = (
				A82CDFCA26E48A1F001C0D8E /* Home */,
				A82CDFCE26E48AD6001C0D8E /* Favourites */,
				A82CDFCD26E48AB2001C0D8E /* Search */,
				A858860F2679953800F46A0C /* SigninView.swift */,
				A8B94E8726DB501A00CED65A /* TabBarView.swift */,
				A896C66926995FE10035FE19 /* RecipeDetail.swift */,
				A801255C26ABD5C300F7E96C /* ProfileView.swift */,
				A88F7E2E26D9E19A006CF5FA /* PlannerView.swift */,
				A8AFFBD726E0F28B00B9FCBD /* PlannerView.swift */,
			);
			path = Views;
			sourceTree = "<group>";
		};
		A8C8B878267B7900008501C3 /* Items */ = {
			isa = PBXGroup;
			children = (
				A8B94E8B26DB53C800CED65A /* CardView.swift */,
				A8A3E8192677120E00AA6D49 /* CloseButton.swift */,
				A8DAED9A267AFD3900AA9977 /* IngredientsView.swift */,
				A8AFFBDA26E0F34600B9FCBD /* CardView.swift */,
			);
			path = Items;
			sourceTree = "<group>";
		};
		A8C8B879267B792F008501C3 /* ViewModel */ = {
			isa = PBXGroup;
			children = (
				A81DA00C266735E900B1ED55 /* ImageLoader.swift */,
				A87B0EB7266888380019E43A /* NetworkManager.swift */,
				A895DB1426A3E4A40088C879 /* FavouritesViewModel.swift */,
				A842A74226DFA1240050A882 /* SelectedRecipeModel.swift */,
				A8AFFBD126E0F20000B9FCBD /* SelectedRecipeModel.swift */,
			);
			path = ViewModel;
			sourceTree = "<group>";
		};
		A8FA444E26648DB600749086 /* Model */ = {
			isa = PBXGroup;
			children = (
				A8B6FE8B265B6CE000626E2A /* Recipe.swift */,
				A8BAF4FD2675D8AB0072CB80 /* Instruction.swift */,
				A8DAED9D267B014600AA9977 /* Ingredients.swift */,
				A8028250267CCA3D00269572 /* SearchedRecipe.swift */,
				A895DB1126A3E40C0088C879 /* Favourites.swift */,
				A88F7E3126D9E906006CF5FA /* Planner.swift */,
				A8AFFBD426E0F26200B9FCBD /* Planner.swift */,
			);
			path = Model;
			sourceTree = "<group>";
		};
/* End PBXGroup section */

/* Begin PBXNativeTarget section */
		A827ABC0265A16CC00C886B7 /* Recipes */ = {
			isa = PBXNativeTarget;
			buildConfigurationList = A827ABD0265A16CD00C886B7 /* Build configuration list for PBXNativeTarget "Recipes" */;
			buildPhases = (
				A827ABBD265A16CC00C886B7 /* Sources */,
				A827ABBE265A16CC00C886B7 /* Frameworks */,
				A827ABBF265A16CC00C886B7 /* Resources */,
			);
			buildRules = (
			);
			dependencies = (
			);
			name = Recipes;
			packageProductDependencies = (
				A866F37D269A9DFA00BB13D3 /* FirebaseAuth */,
				A866F37F269A9DFA00BB13D3 /* FirebaseFirestore */,
			);
			productName = Recipes;
			productReference = A827ABC1265A16CC00C886B7 /* Recipes.app */;
			productType = "com.apple.product-type.application";
		};
/* End PBXNativeTarget section */

/* Begin PBXProject section */
		A827ABB9265A16CC00C886B7 /* Project object */ = {
			isa = PBXProject;
			attributes = {
				LastSwiftUpdateCheck = 1240;
				LastUpgradeCheck = 1240;
				TargetAttributes = {
					A827ABC0265A16CC00C886B7 = {
						CreatedOnToolsVersion = 12.4;
					};
				};
			};
			buildConfigurationList = A827ABBC265A16CC00C886B7 /* Build configuration list for PBXProject "Recipes" */;
			compatibilityVersion = "Xcode 9.3";
			developmentRegion = en;
			hasScannedForEncodings = 0;
			knownRegions = (
				en,
				Base,
			);
			mainGroup = A827ABB8265A16CC00C886B7;
			packageReferences = (
				A866F37C269A9DFA00BB13D3 /* XCRemoteSwiftPackageReference "firebase-ios-sdk" */,
			);
			productRefGroup = A827ABC2265A16CC00C886B7 /* Products */;
			projectDirPath = "";
			projectRoot = "";
			targets = (
				A827ABC0265A16CC00C886B7 /* Recipes */,
			);
		};
/* End PBXProject section */

/* Begin PBXResourcesBuildPhase section */
		A827ABBF265A16CC00C886B7 /* Resources */ = {
			isa = PBXResourcesBuildPhase;
			buildActionMask = 2147483647;
			files = (
				A827ABCC265A16CD00C886B7 /* Preview Assets.xcassets in Resources */,
				A827ABC9265A16CD00C886B7 /* Assets.xcassets in Resources */,
				A824E51626D9296B00269885 /* GoogleService-Info.plist in Resources */,
			);
			runOnlyForDeploymentPostprocessing = 0;
		};
/* End PBXResourcesBuildPhase section */

/* Begin PBXSourcesBuildPhase section */
		A827ABBD265A16CC00C886B7 /* Sources */ = {
			isa = PBXSourcesBuildPhase;
			buildActionMask = 2147483647;
			files = (
				A87B0EB8266888380019E43A /* NetworkManager.swift in Sources */,
				A8AFFBDB26E0F34600B9FCBD /* CardView.swift in Sources */,
				A89E38EE26A7C939008A8BB2 /* Constants.swift in Sources */,
				A84A6007266B3E81002DE73C /* RecipeSearchView.swift in Sources */,
				A8DAED9B267AFD3900AA9977 /* IngredientsView.swift in Sources */,
				A85886102679953800F46A0C /* SigninView.swift in Sources */,
				A8DAED9E267B014600AA9977 /* Ingredients.swift in Sources */,
				A87B0EB2266885620019E43A /* VisualEffectBlur.swift in Sources */,
				A895DB1226A3E40C0088C879 /* Favourites.swift in Sources */,
				A8028251267CCA3D00269572 /* SearchedRecipe.swift in Sources */,
				A8A3E81A2677120E00AA6D49 /* CloseButton.swift in Sources */,
				A88C61EE267C45F500D31E70 /* SearchNavigation.swift in Sources */,
				A827ABC7265A16CC00C886B7 /* HomeView.swift in Sources */,
				A8B6FE8C265B6CE000626E2A /* Recipe.swift in Sources */,
				A895DB1526A3E4A40088C879 /* FavouritesViewModel.swift in Sources */,
				A8AFFBD826E0F28B00B9FCBD /* PlannerView.swift in Sources */,
				A88C61F1267C5A9900D31E70 /* SearchView.swift in Sources */,
				A8AFFBD526E0F26200B9FCBD /* Planner.swift in Sources */,
				A896C66A26995FE10035FE19 /* RecipeDetail.swift in Sources */,
				A88F7E3226D9E906006CF5FA /* Planner.swift in Sources */,
				A801255D26ABD5C300F7E96C /* ProfileView.swift in Sources */,
				A81DA00D266735E900B1ED55 /* ImageLoader.swift in Sources */,
				A8B94E8826DB501A00CED65A /* TabBarView.swift in Sources */,
				A8BAF4FE2675D8AB0072CB80 /* Instruction.swift in Sources */,
				A8B94E8C26DB53C800CED65A /* CardView.swift in Sources */,
				A895DB1826A3EB190088C879 /* FavouritesView.swift in Sources */,
				A87E0B9426A3FC4700112176 /* FavouritesDetail.swift in Sources */,
				A8AFFBD226E0F20000B9FCBD /* SelectedRecipeModel.swift in Sources */,
				A827ABC5265A16CC00C886B7 /* RecipesApp.swift in Sources */,
				A824E51926D92A1D00269885 /* Constants.swift in Sources */,
				A82CDFCC26E48A8C001C0D8E /* SelectedRecipeDetail.swift in Sources */,
				A842A74326DFA1240050A882 /* SelectedRecipeModel.swift in Sources */,
				A88F7E2F26D9E19A006CF5FA /* PlannerView.swift in Sources */,
			);
			runOnlyForDeploymentPostprocessing = 0;
		};
/* End PBXSourcesBuildPhase section */

/* Begin XCBuildConfiguration section */
		A827ABCE265A16CD00C886B7 /* Debug */ = {
			isa = XCBuildConfiguration;
			buildSettings = {
				ALWAYS_SEARCH_USER_PATHS = NO;
				CLANG_ANALYZER_NONNULL = YES;
				CLANG_ANALYZER_NUMBER_OBJECT_CONVERSION = YES_AGGRESSIVE;
				CLANG_CXX_LANGUAGE_STANDARD = "gnu++14";
				CLANG_CXX_LIBRARY = "libc++";
				CLANG_ENABLE_MODULES = YES;
				CLANG_ENABLE_OBJC_ARC = YES;
				CLANG_ENABLE_OBJC_WEAK = YES;
				CLANG_WARN_BLOCK_CAPTURE_AUTORELEASING = YES;
				CLANG_WARN_BOOL_CONVERSION = YES;
				CLANG_WARN_COMMA = YES;
				CLANG_WARN_CONSTANT_CONVERSION = YES;
				CLANG_WARN_DEPRECATED_OBJC_IMPLEMENTATIONS = YES;
				CLANG_WARN_DIRECT_OBJC_ISA_USAGE = YES_ERROR;
				CLANG_WARN_DOCUMENTATION_COMMENTS = YES;
				CLANG_WARN_EMPTY_BODY = YES;
				CLANG_WARN_ENUM_CONVERSION = YES;
				CLANG_WARN_INFINITE_RECURSION = YES;
				CLANG_WARN_INT_CONVERSION = YES;
				CLANG_WARN_NON_LITERAL_NULL_CONVERSION = YES;
				CLANG_WARN_OBJC_IMPLICIT_RETAIN_SELF = YES;
				CLANG_WARN_OBJC_LITERAL_CONVERSION = YES;
				CLANG_WARN_OBJC_ROOT_CLASS = YES_ERROR;
				CLANG_WARN_QUOTED_INCLUDE_IN_FRAMEWORK_HEADER = YES;
				CLANG_WARN_RANGE_LOOP_ANALYSIS = YES;
				CLANG_WARN_STRICT_PROTOTYPES = YES;
				CLANG_WARN_SUSPICIOUS_MOVE = YES;
				CLANG_WARN_UNGUARDED_AVAILABILITY = YES_AGGRESSIVE;
				CLANG_WARN_UNREACHABLE_CODE = YES;
				CLANG_WARN__DUPLICATE_METHOD_MATCH = YES;
				COPY_PHASE_STRIP = NO;
				DEBUG_INFORMATION_FORMAT = dwarf;
				ENABLE_STRICT_OBJC_MSGSEND = YES;
				ENABLE_TESTABILITY = YES;
				GCC_C_LANGUAGE_STANDARD = gnu11;
				GCC_DYNAMIC_NO_PIC = NO;
				GCC_NO_COMMON_BLOCKS = YES;
				GCC_OPTIMIZATION_LEVEL = 0;
				GCC_PREPROCESSOR_DEFINITIONS = (
					"DEBUG=1",
					"$(inherited)",
				);
				GCC_WARN_64_TO_32_BIT_CONVERSION = YES;
				GCC_WARN_ABOUT_RETURN_TYPE = YES_ERROR;
				GCC_WARN_UNDECLARED_SELECTOR = YES;
				GCC_WARN_UNINITIALIZED_AUTOS = YES_AGGRESSIVE;
				GCC_WARN_UNUSED_FUNCTION = YES;
				GCC_WARN_UNUSED_VARIABLE = YES;
				IPHONEOS_DEPLOYMENT_TARGET = 14.4;
				MTL_ENABLE_DEBUG_INFO = INCLUDE_SOURCE;
				MTL_FAST_MATH = YES;
				ONLY_ACTIVE_ARCH = YES;
				SDKROOT = iphoneos;
				SWIFT_ACTIVE_COMPILATION_CONDITIONS = DEBUG;
				SWIFT_OPTIMIZATION_LEVEL = "-Onone";
			};
			name = Debug;
		};
		A827ABCF265A16CD00C886B7 /* Release */ = {
			isa = XCBuildConfiguration;
			buildSettings = {
				ALWAYS_SEARCH_USER_PATHS = NO;
				CLANG_ANALYZER_NONNULL = YES;
				CLANG_ANALYZER_NUMBER_OBJECT_CONVERSION = YES_AGGRESSIVE;
				CLANG_CXX_LANGUAGE_STANDARD = "gnu++14";
				CLANG_CXX_LIBRARY = "libc++";
				CLANG_ENABLE_MODULES = YES;
				CLANG_ENABLE_OBJC_ARC = YES;
				CLANG_ENABLE_OBJC_WEAK = YES;
				CLANG_WARN_BLOCK_CAPTURE_AUTORELEASING = YES;
				CLANG_WARN_BOOL_CONVERSION = YES;
				CLANG_WARN_COMMA = YES;
				CLANG_WARN_CONSTANT_CONVERSION = YES;
				CLANG_WARN_DEPRECATED_OBJC_IMPLEMENTATIONS = YES;
				CLANG_WARN_DIRECT_OBJC_ISA_USAGE = YES_ERROR;
				CLANG_WARN_DOCUMENTATION_COMMENTS = YES;
				CLANG_WARN_EMPTY_BODY = YES;
				CLANG_WARN_ENUM_CONVERSION = YES;
				CLANG_WARN_INFINITE_RECURSION = YES;
				CLANG_WARN_INT_CONVERSION = YES;
				CLANG_WARN_NON_LITERAL_NULL_CONVERSION = YES;
				CLANG_WARN_OBJC_IMPLICIT_RETAIN_SELF = YES;
				CLANG_WARN_OBJC_LITERAL_CONVERSION = YES;
				CLANG_WARN_OBJC_ROOT_CLASS = YES_ERROR;
				CLANG_WARN_QUOTED_INCLUDE_IN_FRAMEWORK_HEADER = YES;
				CLANG_WARN_RANGE_LOOP_ANALYSIS = YES;
				CLANG_WARN_STRICT_PROTOTYPES = YES;
				CLANG_WARN_SUSPICIOUS_MOVE = YES;
				CLANG_WARN_UNGUARDED_AVAILABILITY = YES_AGGRESSIVE;
				CLANG_WARN_UNREACHABLE_CODE = YES;
				CLANG_WARN__DUPLICATE_METHOD_MATCH = YES;
				COPY_PHASE_STRIP = NO;
				DEBUG_INFORMATION_FORMAT = "dwarf-with-dsym";
				ENABLE_NS_ASSERTIONS = NO;
				ENABLE_STRICT_OBJC_MSGSEND = YES;
				GCC_C_LANGUAGE_STANDARD = gnu11;
				GCC_NO_COMMON_BLOCKS = YES;
				GCC_WARN_64_TO_32_BIT_CONVERSION = YES;
				GCC_WARN_ABOUT_RETURN_TYPE = YES_ERROR;
				GCC_WARN_UNDECLARED_SELECTOR = YES;
				GCC_WARN_UNINITIALIZED_AUTOS = YES_AGGRESSIVE;
				GCC_WARN_UNUSED_FUNCTION = YES;
				GCC_WARN_UNUSED_VARIABLE = YES;
				IPHONEOS_DEPLOYMENT_TARGET = 14.4;
				MTL_ENABLE_DEBUG_INFO = NO;
				MTL_FAST_MATH = YES;
				SDKROOT = iphoneos;
				SWIFT_COMPILATION_MODE = wholemodule;
				SWIFT_OPTIMIZATION_LEVEL = "-O";
				VALIDATE_PRODUCT = YES;
			};
			name = Release;
		};
		A827ABD1265A16CD00C886B7 /* Debug */ = {
			isa = XCBuildConfiguration;
			buildSettings = {
				ASSETCATALOG_COMPILER_APPICON_NAME = AppIcon;
				ASSETCATALOG_COMPILER_GLOBAL_ACCENT_COLOR_NAME = AccentColor;
				CODE_SIGN_STYLE = Automatic;
				DEVELOPMENT_ASSET_PATHS = "\"Recipes/Preview Content\"";
				ENABLE_PREVIEWS = YES;
				INFOPLIST_FILE = Recipes/Info.plist;
				IPHONEOS_DEPLOYMENT_TARGET = 14.0;
				LD_RUNPATH_SEARCH_PATHS = (
					"$(inherited)",
					"@executable_path/Frameworks",
				);
				PRODUCT_BUNDLE_IDENTIFIER = mayank.recipes;
				PRODUCT_NAME = "$(TARGET_NAME)";
				SWIFT_VERSION = 5.0;
				TARGETED_DEVICE_FAMILY = "1,2";
			};
			name = Debug;
		};
		A827ABD2265A16CD00C886B7 /* Release */ = {
			isa = XCBuildConfiguration;
			buildSettings = {
				ASSETCATALOG_COMPILER_APPICON_NAME = AppIcon;
				ASSETCATALOG_COMPILER_GLOBAL_ACCENT_COLOR_NAME = AccentColor;
				CODE_SIGN_STYLE = Automatic;
				DEVELOPMENT_ASSET_PATHS = "\"Recipes/Preview Content\"";
				ENABLE_PREVIEWS = YES;
				INFOPLIST_FILE = Recipes/Info.plist;
				IPHONEOS_DEPLOYMENT_TARGET = 14.0;
				LD_RUNPATH_SEARCH_PATHS = (
					"$(inherited)",
					"@executable_path/Frameworks",
				);
				PRODUCT_BUNDLE_IDENTIFIER = mayank.recipes;
				PRODUCT_NAME = "$(TARGET_NAME)";
				SWIFT_VERSION = 5.0;
				TARGETED_DEVICE_FAMILY = "1,2";
			};
			name = Release;
		};
/* End XCBuildConfiguration section */

/* Begin XCConfigurationList section */
		A827ABBC265A16CC00C886B7 /* Build configuration list for PBXProject "Recipes" */ = {
			isa = XCConfigurationList;
			buildConfigurations = (
				A827ABCE265A16CD00C886B7 /* Debug */,
				A827ABCF265A16CD00C886B7 /* Release */,
			);
			defaultConfigurationIsVisible = 0;
			defaultConfigurationName = Release;
		};
		A827ABD0265A16CD00C886B7 /* Build configuration list for PBXNativeTarget "Recipes" */ = {
			isa = XCConfigurationList;
			buildConfigurations = (
				A827ABD1265A16CD00C886B7 /* Debug */,
				A827ABD2265A16CD00C886B7 /* Release */,
			);
			defaultConfigurationIsVisible = 0;
			defaultConfigurationName = Release;
		};
/* End XCConfigurationList section */

/* Begin XCRemoteSwiftPackageReference section */
		A866F37C269A9DFA00BB13D3 /* XCRemoteSwiftPackageReference "firebase-ios-sdk" */ = {
			isa = XCRemoteSwiftPackageReference;
			repositoryURL = "https://github.com/firebase/firebase-ios-sdk.git";
			requirement = {
				kind = upToNextMajorVersion;
				minimumVersion = 8.3.0;
			};
		};
/* End XCRemoteSwiftPackageReference section */

/* Begin XCSwiftPackageProductDependency section */
		A866F37D269A9DFA00BB13D3 /* FirebaseAuth */ = {
			isa = XCSwiftPackageProductDependency;
			package = A866F37C269A9DFA00BB13D3 /* XCRemoteSwiftPackageReference "firebase-ios-sdk" */;
			productName = FirebaseAuth;
		};
		A866F37F269A9DFA00BB13D3 /* FirebaseFirestore */ = {
			isa = XCSwiftPackageProductDependency;
			package = A866F37C269A9DFA00BB13D3 /* XCRemoteSwiftPackageReference "firebase-ios-sdk" */;
			productName = FirebaseFirestore;
		};
/* End XCSwiftPackageProductDependency section */
	};
	rootObject = A827ABB9265A16CC00C886B7 /* Project object */;
}
